
Microsoft Visual Studio Solution File, Format Version 12.00
# Visual Studio Version 16
VisualStudioVersion = 16.0.29020.237
MinimumVisualStudioVersion = 10.0.40219.1
Project("{FAE04EC0-301F-11D3-BF4B-00C04F79EFBC}") = "FileIOArray", "FileIOArray\FileIOArray.csproj", "{B8C415ED-65CC-4DD6-9EC3-0AB1D7A04B39}"
EndProject
Global
	GlobalSection(SolutionConfigurationPlatforms) = preSolution
		Debug|Any CPU = Debug|Any CPU
		Release|Any CPU = Release|Any CPU
	EndGlobalSection
	GlobalSection(ProjectConfigurationPlatforms) = postSolution
		{B8C415ED-65CC-4DD6-9EC3-0AB1D7A04B39}.Debug|Any CPU.ActiveCfg = Debug|Any CPU
		{B8C415ED-65CC-4DD6-9EC3-0AB1D7A04B39}.Debug|Any CPU.Build.0 = Debug|Any CPU
		{B8C415ED-65CC-4DD6-9EC3-0AB1D7A04B39}.Release|Any CPU.ActiveCfg = Release|Any CPU
		{B8C415ED-65CC-4DD6-9EC3-0AB1D7A04B39}.Release|Any CPU.Build.0 = Release|Any CPU
	EndGlobalSection
	GlobalSection(SolutionProperties) = preSolution
		HideSolutionNode = FALSE
	EndGlobalSection
	GlobalSection(ExtensibilityGlobals) = postSolution
		SolutionGuid = {F8173F45-9DB4-4BF9-BD50-BC3A55B6CAA9}
	EndGlobalSection
EndGlobal
